
Microsoft Visual Studio Solution File, Format Version 12.00
# Visual Studio Version 16
VisualStudioVersion = 16.0.30225.117
MinimumVisualStudioVersion = 10.0.40219.1
Project("{2150E333-8FDC-42A3-9474-1A3956D46DE8}") = "Primitives", "Primitives", "{C067839E-54C8-4139-9733-D10F9433B919}"
	ProjectSection(SolutionItems) = preProject
		jaeger-in-docker.txt = jaeger-in-docker.txt
	EndProjectSection
EndProject
Project("{2150E333-8FDC-42A3-9474-1A3956D46DE8}") = "Samples", "Samples", "{F209A714-9CED-40FE-9147-90B83D46C0E6}"
EndProject
Project("{9A19103F-16F7-4668-BE54-9A1E7A4F7556}") = "Access.Primitives.IO", "Primitives\Access.Primitives.IO\Access.Primitives.IO.csproj", "{2CDA31F1-0624-4E5B-B1A1-223B86EEBC3C}"
EndProject
Project("{9A19103F-16F7-4668-BE54-9A1E7A4F7556}") = "Access.Primitives.IO.Extensions", "Primitives\Access.Primitives.IO.Extensions\Access.Primitives.IO.Extensions.csproj", "{69347320-4722-406A-990D-F6FF840A3B69}"
EndProject
Project("{2150E333-8FDC-42A3-9474-1A3956D46DE8}") = "Solution Items", "Solution Items", "{C333E470-8CED-4337-B11A-9AB1772C267C}"
	ProjectSection(SolutionItems) = preProject
		Directory.Build.props = Directory.Build.props
		Directory.Build.targets = Directory.Build.targets
	EndProjectSection
EndProject
Project("{2150E333-8FDC-42A3-9474-1A3956D46DE8}") = "1. Domain", "1. Domain", "{59A2F98C-07EC-439C-9EE0-A1041FDACA7E}"
EndProject
Project("{2150E333-8FDC-42A3-9474-1A3956D46DE8}") = "3. Backend", "3. Backend", "{8721FE1A-078A-444D-8CE9-38AA9FD192EE}"
EndProject
Project("{2150E333-8FDC-42A3-9474-1A3956D46DE8}") = "4. API", "4. API", "{BD815DC5-D440-4136-8C66-AA870E8B6989}"
EndProject
Project("{9A19103F-16F7-4668-BE54-9A1E7A4F7556}") = "StackUnderflow.Domain.Schema", "Samples\StackUnderflow.Schema\StackUnderflow.Domain.Schema.csproj", "{76F087EF-B264-4C25-8C43-A8C23D882EF5}"
EndProject
Project("{9A19103F-16F7-4668-BE54-9A1E7A4F7556}") = "StackUnderflow.Domain.Core", "Samples\StackUnderflow.Core\StackUnderflow.Domain.Core.csproj", "{EA249B61-F840-4C1A-8CCF-3246FC20421A}"
EndProject
Project("{9A19103F-16F7-4668-BE54-9A1E7A4F7556}") = "StackUnderflow.Backend.Grains", "Samples\StackUnderflow.Grains\StackUnderflow.Backend.Grains.csproj", "{95A523ED-927A-46B0-9631-60E0DD040875}"
EndProject
Project("{9A19103F-16F7-4668-BE54-9A1E7A4F7556}") = "StackUnderflow.Backend.Abstractions", "Samples\StackUnderflow.Backend.Interfaces\StackUnderflow.Backend.Abstractions.csproj", "{5D0F58F0-797F-4B1D-823F-57A4E0226D0D}"
EndProject
Project("{9A19103F-16F7-4668-BE54-9A1E7A4F7556}") = "StackUnderflow.API.AspNetCore", "Samples\StackUnderflow.API.Rest\StackUnderflow.API.AspNetCore.csproj", "{9EBBD54D-9CB2-46B5-B7A3-CAF7A80B3DBD}"
EndProject
Project("{9A19103F-16F7-4668-BE54-9A1E7A4F7556}") = "StackUnderflow.API.GraphQL", "Samples\StackUnderflow.API.GraphQL\StackUnderflow.API.GraphQL.csproj", "{80364116-DC10-486B-8448-97DDE4F0FA48}"
EndProject
Project("{2150E333-8FDC-42A3-9474-1A3956D46DE8}") = "5. IntegrationTests", "5. IntegrationTests", "{06B6572F-FCDD-42C5-9AD8-F964899BAABF}"
EndProject
Project("{00D1A9C2-B5F0-4AF3-8072-F6C62B433612}") = "Backend.Database", "Backend.Database\Backend.Database.sqlproj", "{2266680E-9BDE-4B03-8DDD-9C9B746181A6}"
EndProject
Project("{9A19103F-16F7-4668-BE54-9A1E7A4F7556}") = "StackUnderflow.Adapters", "Samples\StackUnderflow.Backoffice.Adapters\StackUnderflow.Adapters.csproj", "{479CA75E-78CB-4FC2-A2BC-7E397BD0E11A}"
EndProject
Project("{2150E333-8FDC-42A3-9474-1A3956D46DE8}") = "2. Adapters", "2. Adapters", "{B148D446-65E1-433A-B797-D438797C5E85}"
EndProject
Project("{9A19103F-16F7-4668-BE54-9A1E7A4F7556}") = "StackUnderflow.EF", "Samples\StackUnderflow.EF.Models\StackUnderflow.EF.csproj", "{75A4A6B6-710B-4266-8CB0-79C1F3695757}"
EndProject
Project("{9A19103F-16F7-4668-BE54-9A1E7A4F7556}") = "StackUnderflow.Backend.Silo", "Samples\StackUnderflow.Backend.Silo\StackUnderflow.Backend.Silo.csproj", "{DC963835-301E-4D17-9518-1EBBAA6ACD56}"
EndProject
Project("{9A19103F-16F7-4668-BE54-9A1E7A4F7556}") = "StackUnderflow.Domain.Tests", "Samples\StackUnderflow.Domain.Tests\StackUnderflow.Domain.Tests.csproj", "{F0B8FECE-82D9-4889-84E1-71BF7AA49882}"
EndProject
Project("{9A19103F-16F7-4668-BE54-9A1E7A4F7556}") = "StackUnderflow.Bots", "Samples\StackUnderflow.Bots\StackUnderflow.Bots.csproj", "{9A0FEDE0-8C56-41C2-9911-01B72D469AF8}"
EndProject
Project("{9A19103F-16F7-4668-BE54-9A1E7A4F7556}") = "Access.Primitives.Extensions", "Primitives\Access.Primitives.Extensions\Access.Primitives.Extensions.csproj", "{6E5814D6-C585-4719-BF70-ABF4D43F5990}"
EndProject
Project("{9A19103F-16F7-4668-BE54-9A1E7A4F7556}") = "Access.Primitives.EFCore", "Primitives\Access.Primitives.EFCore\Access.Primitives.EFCore.csproj", "{479917D8-C455-49CA-A3C8-4B0C39E87953}"
EndProject
Project("{9A19103F-16F7-4668-BE54-9A1E7A4F7556}") = "Access.Primitives.Orleans", "Primitives\Access.Primitives.Orleans\Access.Primitives.Orleans.csproj", "{F12BA4D4-A746-418C-994D-F76417A64E7D}"
EndProject
Project("{9A19103F-16F7-4668-BE54-9A1E7A4F7556}") = "StackUnderflow.Adapters.Tests", "Samples\StackUnderflow.Adapters.Tests\StackUnderflow.Adapters.Tests.csproj", "{E09CC089-7FAD-4D13-B1DA-5CBBCE183B19}"
EndProject
Project("{9A19103F-16F7-4668-BE54-9A1E7A4F7556}") = "Access.Primitives.IO.Extensions.xUnit", "Access.Primitives.IO.Extensions.xUnit\Access.Primitives.IO.Extensions.xUnit.csproj", "{757BCBBF-D1FF-4B02-9A2D-B7F6F4F7D364}"
EndProject
Project("{2150E333-8FDC-42A3-9474-1A3956D46DE8}") = "6. Database", "6. Database", "{2C4DEA5A-CE7E-4FB2-8D54-7502D8814DAF}"
EndProject
Global
	GlobalSection(SolutionConfigurationPlatforms) = preSolution
		Debug|Any CPU = Debug|Any CPU
		Release|Any CPU = Release|Any CPU
	EndGlobalSection
	GlobalSection(ProjectConfigurationPlatforms) = postSolution
		{2CDA31F1-0624-4E5B-B1A1-223B86EEBC3C}.Debug|Any CPU.ActiveCfg = Debug|Any CPU
		{2CDA31F1-0624-4E5B-B1A1-223B86EEBC3C}.Debug|Any CPU.Build.0 = Debug|Any CPU
		{2CDA31F1-0624-4E5B-B1A1-223B86EEBC3C}.Release|Any CPU.ActiveCfg = Release|Any CPU
		{2CDA31F1-0624-4E5B-B1A1-223B86EEBC3C}.Release|Any CPU.Build.0 = Release|Any CPU
		{69347320-4722-406A-990D-F6FF840A3B69}.Debug|Any CPU.ActiveCfg = Debug|Any CPU
		{69347320-4722-406A-990D-F6FF840A3B69}.Debug|Any CPU.Build.0 = Debug|Any CPU
		{69347320-4722-406A-990D-F6FF840A3B69}.Release|Any CPU.ActiveCfg = Release|Any CPU
		{69347320-4722-406A-990D-F6FF840A3B69}.Release|Any CPU.Build.0 = Release|Any CPU
		{76F087EF-B264-4C25-8C43-A8C23D882EF5}.Debug|Any CPU.ActiveCfg = Debug|Any CPU
		{76F087EF-B264-4C25-8C43-A8C23D882EF5}.Debug|Any CPU.Build.0 = Debug|Any CPU
		{76F087EF-B264-4C25-8C43-A8C23D882EF5}.Release|Any CPU.ActiveCfg = Release|Any CPU
		{76F087EF-B264-4C25-8C43-A8C23D882EF5}.Release|Any CPU.Build.0 = Release|Any CPU
		{EA249B61-F840-4C1A-8CCF-3246FC20421A}.Debug|Any CPU.ActiveCfg = Debug|Any CPU
		{EA249B61-F840-4C1A-8CCF-3246FC20421A}.Debug|Any CPU.Build.0 = Debug|Any CPU
		{EA249B61-F840-4C1A-8CCF-3246FC20421A}.Release|Any CPU.ActiveCfg = Release|Any CPU
		{EA249B61-F840-4C1A-8CCF-3246FC20421A}.Release|Any CPU.Build.0 = Release|Any CPU
		{95A523ED-927A-46B0-9631-60E0DD040875}.Debug|Any CPU.ActiveCfg = Debug|Any CPU
		{95A523ED-927A-46B0-9631-60E0DD040875}.Debug|Any CPU.Build.0 = Debug|Any CPU
		{95A523ED-927A-46B0-9631-60E0DD040875}.Release|Any CPU.ActiveCfg = Release|Any CPU
		{95A523ED-927A-46B0-9631-60E0DD040875}.Release|Any CPU.Build.0 = Release|Any CPU
		{5D0F58F0-797F-4B1D-823F-57A4E0226D0D}.Debug|Any CPU.ActiveCfg = Debug|Any CPU
		{5D0F58F0-797F-4B1D-823F-57A4E0226D0D}.Debug|Any CPU.Build.0 = Debug|Any CPU
		{5D0F58F0-797F-4B1D-823F-57A4E0226D0D}.Release|Any CPU.ActiveCfg = Release|Any CPU
		{5D0F58F0-797F-4B1D-823F-57A4E0226D0D}.Release|Any CPU.Build.0 = Release|Any CPU
		{9EBBD54D-9CB2-46B5-B7A3-CAF7A80B3DBD}.Debug|Any CPU.ActiveCfg = Debug|Any CPU
		{9EBBD54D-9CB2-46B5-B7A3-CAF7A80B3DBD}.Debug|Any CPU.Build.0 = Debug|Any CPU
		{9EBBD54D-9CB2-46B5-B7A3-CAF7A80B3DBD}.Release|Any CPU.ActiveCfg = Release|Any CPU
		{9EBBD54D-9CB2-46B5-B7A3-CAF7A80B3DBD}.Release|Any CPU.Build.0 = Release|Any CPU
		{80364116-DC10-486B-8448-97DDE4F0FA48}.Debug|Any CPU.ActiveCfg = Debug|Any CPU
		{80364116-DC10-486B-8448-97DDE4F0FA48}.Debug|Any CPU.Build.0 = Debug|Any CPU
		{80364116-DC10-486B-8448-97DDE4F0FA48}.Release|Any CPU.ActiveCfg = Release|Any CPU
		{80364116-DC10-486B-8448-97DDE4F0FA48}.Release|Any CPU.Build.0 = Release|Any CPU
		{2266680E-9BDE-4B03-8DDD-9C9B746181A6}.Debug|Any CPU.ActiveCfg = Debug|Any CPU
		{2266680E-9BDE-4B03-8DDD-9C9B746181A6}.Debug|Any CPU.Build.0 = Debug|Any CPU
		{2266680E-9BDE-4B03-8DDD-9C9B746181A6}.Debug|Any CPU.Deploy.0 = Debug|Any CPU
		{2266680E-9BDE-4B03-8DDD-9C9B746181A6}.Release|Any CPU.ActiveCfg = Release|Any CPU
		{2266680E-9BDE-4B03-8DDD-9C9B746181A6}.Release|Any CPU.Build.0 = Release|Any CPU
		{2266680E-9BDE-4B03-8DDD-9C9B746181A6}.Release|Any CPU.Deploy.0 = Release|Any CPU
		{479CA75E-78CB-4FC2-A2BC-7E397BD0E11A}.Debug|Any CPU.ActiveCfg = Debug|Any CPU
		{479CA75E-78CB-4FC2-A2BC-7E397BD0E11A}.Debug|Any CPU.Build.0 = Debug|Any CPU
		{479CA75E-78CB-4FC2-A2BC-7E397BD0E11A}.Release|Any CPU.ActiveCfg = Release|Any CPU
		{479CA75E-78CB-4FC2-A2BC-7E397BD0E11A}.Release|Any CPU.Build.0 = Release|Any CPU
		{75A4A6B6-710B-4266-8CB0-79C1F3695757}.Debug|Any CPU.ActiveCfg = Debug|Any CPU
		{75A4A6B6-710B-4266-8CB0-79C1F3695757}.Debug|Any CPU.Build.0 = Debug|Any CPU
		{75A4A6B6-710B-4266-8CB0-79C1F3695757}.Release|Any CPU.ActiveCfg = Release|Any CPU
		{75A4A6B6-710B-4266-8CB0-79C1F3695757}.Release|Any CPU.Build.0 = Release|Any CPU
		{DC963835-301E-4D17-9518-1EBBAA6ACD56}.Debug|Any CPU.ActiveCfg = Debug|Any CPU
		{DC963835-301E-4D17-9518-1EBBAA6ACD56}.Debug|Any CPU.Build.0 = Debug|Any CPU
		{DC963835-301E-4D17-9518-1EBBAA6ACD56}.Release|Any CPU.ActiveCfg = Release|Any CPU
		{DC963835-301E-4D17-9518-1EBBAA6ACD56}.Release|Any CPU.Build.0 = Release|Any CPU
		{F0B8FECE-82D9-4889-84E1-71BF7AA49882}.Debug|Any CPU.ActiveCfg = Debug|Any CPU
		{F0B8FECE-82D9-4889-84E1-71BF7AA49882}.Debug|Any CPU.Build.0 = Debug|Any CPU
		{F0B8FECE-82D9-4889-84E1-71BF7AA49882}.Release|Any CPU.ActiveCfg = Release|Any CPU
		{F0B8FECE-82D9-4889-84E1-71BF7AA49882}.Release|Any CPU.Build.0 = Release|Any CPU
		{9A0FEDE0-8C56-41C2-9911-01B72D469AF8}.Debug|Any CPU.ActiveCfg = Debug|Any CPU
		{9A0FEDE0-8C56-41C2-9911-01B72D469AF8}.Debug|Any CPU.Build.0 = Debug|Any CPU
		{9A0FEDE0-8C56-41C2-9911-01B72D469AF8}.Release|Any CPU.ActiveCfg = Release|Any CPU
		{9A0FEDE0-8C56-41C2-9911-01B72D469AF8}.Release|Any CPU.Build.0 = Release|Any CPU
		{6E5814D6-C585-4719-BF70-ABF4D43F5990}.Debug|Any CPU.ActiveCfg = Debug|Any CPU
		{6E5814D6-C585-4719-BF70-ABF4D43F5990}.Debug|Any CPU.Build.0 = Debug|Any CPU
		{6E5814D6-C585-4719-BF70-ABF4D43F5990}.Release|Any CPU.ActiveCfg = Release|Any CPU
		{6E5814D6-C585-4719-BF70-ABF4D43F5990}.Release|Any CPU.Build.0 = Release|Any CPU
		{479917D8-C455-49CA-A3C8-4B0C39E87953}.Debug|Any CPU.ActiveCfg = Debug|Any CPU
		{479917D8-C455-49CA-A3C8-4B0C39E87953}.Debug|Any CPU.Build.0 = Debug|Any CPU
		{479917D8-C455-49CA-A3C8-4B0C39E87953}.Release|Any CPU.ActiveCfg = Release|Any CPU
		{479917D8-C455-49CA-A3C8-4B0C39E87953}.Release|Any CPU.Build.0 = Release|Any CPU
		{F12BA4D4-A746-418C-994D-F76417A64E7D}.Debug|Any CPU.ActiveCfg = Debug|Any CPU
		{F12BA4D4-A746-418C-994D-F76417A64E7D}.Debug|Any CPU.Build.0 = Debug|Any CPU
		{F12BA4D4-A746-418C-994D-F76417A64E7D}.Release|Any CPU.ActiveCfg = Release|Any CPU
		{F12BA4D4-A746-418C-994D-F76417A64E7D}.Release|Any CPU.Build.0 = Release|Any CPU
		{E09CC089-7FAD-4D13-B1DA-5CBBCE183B19}.Debug|Any CPU.ActiveCfg = Debug|Any CPU
		{E09CC089-7FAD-4D13-B1DA-5CBBCE183B19}.Debug|Any CPU.Build.0 = Debug|Any CPU
		{E09CC089-7FAD-4D13-B1DA-5CBBCE183B19}.Release|Any CPU.ActiveCfg = Release|Any CPU
		{E09CC089-7FAD-4D13-B1DA-5CBBCE183B19}.Release|Any CPU.Build.0 = Release|Any CPU
		{757BCBBF-D1FF-4B02-9A2D-B7F6F4F7D364}.Debug|Any CPU.ActiveCfg = Debug|Any CPU
		{757BCBBF-D1FF-4B02-9A2D-B7F6F4F7D364}.Debug|Any CPU.Build.0 = Debug|Any CPU
		{757BCBBF-D1FF-4B02-9A2D-B7F6F4F7D364}.Release|Any CPU.ActiveCfg = Release|Any CPU
		{757BCBBF-D1FF-4B02-9A2D-B7F6F4F7D364}.Release|Any CPU.Build.0 = Release|Any CPU
	EndGlobalSection
	GlobalSection(SolutionProperties) = preSolution
		HideSolutionNode = FALSE
	EndGlobalSection
	GlobalSection(NestedProjects) = preSolution
		{2CDA31F1-0624-4E5B-B1A1-223B86EEBC3C} = {C067839E-54C8-4139-9733-D10F9433B919}
		{69347320-4722-406A-990D-F6FF840A3B69} = {C067839E-54C8-4139-9733-D10F9433B919}
		{59A2F98C-07EC-439C-9EE0-A1041FDACA7E} = {F209A714-9CED-40FE-9147-90B83D46C0E6}
		{8721FE1A-078A-444D-8CE9-38AA9FD192EE} = {F209A714-9CED-40FE-9147-90B83D46C0E6}
		{BD815DC5-D440-4136-8C66-AA870E8B6989} = {F209A714-9CED-40FE-9147-90B83D46C0E6}
		{76F087EF-B264-4C25-8C43-A8C23D882EF5} = {59A2F98C-07EC-439C-9EE0-A1041FDACA7E}
		{EA249B61-F840-4C1A-8CCF-3246FC20421A} = {59A2F98C-07EC-439C-9EE0-A1041FDACA7E}
		{95A523ED-927A-46B0-9631-60E0DD040875} = {8721FE1A-078A-444D-8CE9-38AA9FD192EE}
		{5D0F58F0-797F-4B1D-823F-57A4E0226D0D} = {8721FE1A-078A-444D-8CE9-38AA9FD192EE}
		{9EBBD54D-9CB2-46B5-B7A3-CAF7A80B3DBD} = {BD815DC5-D440-4136-8C66-AA870E8B6989}
		{80364116-DC10-486B-8448-97DDE4F0FA48} = {BD815DC5-D440-4136-8C66-AA870E8B6989}
		{06B6572F-FCDD-42C5-9AD8-F964899BAABF} = {F209A714-9CED-40FE-9147-90B83D46C0E6}
		{2266680E-9BDE-4B03-8DDD-9C9B746181A6} = {2C4DEA5A-CE7E-4FB2-8D54-7502D8814DAF}
		{479CA75E-78CB-4FC2-A2BC-7E397BD0E11A} = {B148D446-65E1-433A-B797-D438797C5E85}
		{B148D446-65E1-433A-B797-D438797C5E85} = {F209A714-9CED-40FE-9147-90B83D46C0E6}
		{75A4A6B6-710B-4266-8CB0-79C1F3695757} = {59A2F98C-07EC-439C-9EE0-A1041FDACA7E}
		{DC963835-301E-4D17-9518-1EBBAA6ACD56} = {8721FE1A-078A-444D-8CE9-38AA9FD192EE}
		{F0B8FECE-82D9-4889-84E1-71BF7AA49882} = {8721FE1A-078A-444D-8CE9-38AA9FD192EE}
		{9A0FEDE0-8C56-41C2-9911-01B72D469AF8} = {06B6572F-FCDD-42C5-9AD8-F964899BAABF}
		{6E5814D6-C585-4719-BF70-ABF4D43F5990} = {C067839E-54C8-4139-9733-D10F9433B919}
		{479917D8-C455-49CA-A3C8-4B0C39E87953} = {C067839E-54C8-4139-9733-D10F9433B919}
		{F12BA4D4-A746-418C-994D-F76417A64E7D} = {C067839E-54C8-4139-9733-D10F9433B919}
		{E09CC089-7FAD-4D13-B1DA-5CBBCE183B19} = {B148D446-65E1-433A-B797-D438797C5E85}
		{757BCBBF-D1FF-4B02-9A2D-B7F6F4F7D364} = {C067839E-54C8-4139-9733-D10F9433B919}
		{2C4DEA5A-CE7E-4FB2-8D54-7502D8814DAF} = {F209A714-9CED-40FE-9147-90B83D46C0E6}
	EndGlobalSection
	GlobalSection(ExtensibilityGlobals) = postSolution
		SolutionGuid = {B6F2CE43-5046-4A65-965C-46DF61964A4E}
	EndGlobalSection
EndGlobal
